// !$*UTF8*$!
{
	archiveVersion = 1;
	classes = {
	};
	objectVersion = 55;
	objects = {

/* Begin PBXBuildFile section */
		DAE7392128727A4600CF83CF /* AppDelegate.swift in Sources */ = {isa = PBXBuildFile; fileRef = DAE7392028727A4600CF83CF /* AppDelegate.swift */; };
		DAE7392328727A4600CF83CF /* SceneDelegate.swift in Sources */ = {isa = PBXBuildFile; fileRef = DAE7392228727A4600CF83CF /* SceneDelegate.swift */; };
		DAE7392528727A4600CF83CF /* MapViewController.swift in Sources */ = {isa = PBXBuildFile; fileRef = DAE7392428727A4600CF83CF /* MapViewController.swift */; };
		DAE7392828727A4600CF83CF /* Main.storyboard in Resources */ = {isa = PBXBuildFile; fileRef = DAE7392628727A4600CF83CF /* Main.storyboard */; };
		DAE7392A28727A4700CF83CF /* Assets.xcassets in Resources */ = {isa = PBXBuildFile; fileRef = DAE7392928727A4700CF83CF /* Assets.xcassets */; };
		DAE7392D28727A4700CF83CF /* LaunchScreen.storyboard in Resources */ = {isa = PBXBuildFile; fileRef = DAE7392B28727A4700CF83CF /* LaunchScreen.storyboard */; };
		DAE7393B28727BAE00CF83CF /* Shop.swift in Sources */ = {isa = PBXBuildFile; fileRef = DAE7393A28727BAE00CF83CF /* Shop.swift */; };
		DAE7393F287281C100CF83CF /* MapModel.swift in Sources */ = {isa = PBXBuildFile; fileRef = DAE7393E287281C100CF83CF /* MapModel.swift */; };
		DAE739412872824900CF83CF /* ShopCategory.swift in Sources */ = {isa = PBXBuildFile; fileRef = DAE739402872824900CF83CF /* ShopCategory.swift */; };
		DAE73943287285AD00CF83CF /* GoodPriceShop.json in Resources */ = {isa = PBXBuildFile; fileRef = DAE73942287285AD00CF83CF /* GoodPriceShop.json */; };
		DAE7394828728AE200CF83CF /* ShopAnnotaiontView.swift in Sources */ = {isa = PBXBuildFile; fileRef = DAE7394728728AE200CF83CF /* ShopAnnotaiontView.swift */; };
		DAE7394A28728B2A00CF83CF /* MapViewModel.swift in Sources */ = {isa = PBXBuildFile; fileRef = DAE7394928728B2A00CF83CF /* MapViewModel.swift */; };
		DAE7394D2872C6A100CF83CF /* LocationManager.swift in Sources */ = {isa = PBXBuildFile; fileRef = DAE7394C2872C6A100CF83CF /* LocationManager.swift */; };
/* End PBXBuildFile section */

/* Begin PBXFileReference section */
		DAE7391D28727A4600CF83CF /* MySampleApp.app */ = {isa = PBXFileReference; explicitFileType = wrapper.application; includeInIndex = 0; path = MySampleApp.app; sourceTree = BUILT_PRODUCTS_DIR; };
		DAE7392028727A4600CF83CF /* AppDelegate.swift */ = {isa = PBXFileReference; lastKnownFileType = sourcecode.swift; path = AppDelegate.swift; sourceTree = "<group>"; };
		DAE7392228727A4600CF83CF /* SceneDelegate.swift */ = {isa = PBXFileReference; lastKnownFileType = sourcecode.swift; path = SceneDelegate.swift; sourceTree = "<group>"; };
		DAE7392428727A4600CF83CF /* MapViewController.swift */ = {isa = PBXFileReference; lastKnownFileType = sourcecode.swift; path = MapViewController.swift; sourceTree = "<group>"; };
		DAE7392728727A4600CF83CF /* Base */ = {isa = PBXFileReference; lastKnownFileType = file.storyboard; name = Base; path = Base.lproj/Main.storyboard; sourceTree = "<group>"; };
		DAE7392928727A4700CF83CF /* Assets.xcassets */ = {isa = PBXFileReference; lastKnownFileType = folder.assetcatalog; path = Assets.xcassets; sourceTree = "<group>"; };
		DAE7392C28727A4700CF83CF /* Base */ = {isa = PBXFileReference; lastKnownFileType = file.storyboard; name = Base; path = Base.lproj/LaunchScreen.storyboard; sourceTree = "<group>"; };
		DAE7392E28727A4700CF83CF /* Info.plist */ = {isa = PBXFileReference; lastKnownFileType = text.plist.xml; path = Info.plist; sourceTree = "<group>"; };
		DAE7393A28727BAE00CF83CF /* Shop.swift */ = {isa = PBXFileReference; lastKnownFileType = sourcecode.swift; path = Shop.swift; sourceTree = "<group>"; };
		DAE7393E287281C100CF83CF /* MapModel.swift */ = {isa = PBXFileReference; lastKnownFileType = sourcecode.swift; path = MapModel.swift; sourceTree = "<group>"; };
		DAE739402872824900CF83CF /* ShopCategory.swift */ = {isa = PBXFileReference; lastKnownFileType = sourcecode.swift; path = ShopCategory.swift; sourceTree = "<group>"; };
		DAE73942287285AD00CF83CF /* GoodPriceShop.json */ = {isa = PBXFileReference; fileEncoding = 4; lastKnownFileType = text.json; path = GoodPriceShop.json; sourceTree = "<group>"; };
		DAE7394728728AE200CF83CF /* ShopAnnotaiontView.swift */ = {isa = PBXFileReference; lastKnownFileType = sourcecode.swift; path = ShopAnnotaiontView.swift; sourceTree = "<group>"; };
		DAE7394928728B2A00CF83CF /* MapViewModel.swift */ = {isa = PBXFileReference; lastKnownFileType = sourcecode.swift; path = MapViewModel.swift; sourceTree = "<group>"; };
		DAE7394C2872C6A100CF83CF /* LocationManager.swift */ = {isa = PBXFileReference; lastKnownFileType = sourcecode.swift; path = LocationManager.swift; sourceTree = "<group>"; };
/* End PBXFileReference section */

/* Begin PBXFrameworksBuildPhase section */
		DAE7391A28727A4600CF83CF /* Frameworks */ = {
			isa = PBXFrameworksBuildPhase;
			buildActionMask = 2147483647;
			files = (
			);
			runOnlyForDeploymentPostprocessing = 0;
		};
/* End PBXFrameworksBuildPhase section */

/* Begin PBXGroup section */
		DAE7391428727A4600CF83CF = {
			isa = PBXGroup;
			children = (
				DAE7391F28727A4600CF83CF /* MySampleApp */,
				DAE7391E28727A4600CF83CF /* Products */,
			);
			sourceTree = "<group>";
		};
		DAE7391E28727A4600CF83CF /* Products */ = {
			isa = PBXGroup;
			children = (
				DAE7391D28727A4600CF83CF /* MySampleApp.app */,
			);
			name = Products;
			sourceTree = "<group>";
		};
		DAE7391F28727A4600CF83CF /* MySampleApp */ = {
			isa = PBXGroup;
			children = (
				DAE7394B2872C69A00CF83CF /* Manager */,
				DAE7393628727AFE00CF83CF /* Delegate */,
				DAE7393928727BA300CF83CF /* Model */,
				DAE739462872899200CF83CF /* ViewModel */,
				DAE7393728727B0C00CF83CF /* ViewController */,
				DAE7393828727B1500CF83CF /* Resources */,
				DAE7392628727A4600CF83CF /* Main.storyboard */,
				DAE7392928727A4700CF83CF /* Assets.xcassets */,
				DAE7392B28727A4700CF83CF /* LaunchScreen.storyboard */,
				DAE7392E28727A4700CF83CF /* Info.plist */,
			);
			path = MySampleApp;
			sourceTree = "<group>";
		};
		DAE7393628727AFE00CF83CF /* Delegate */ = {
			isa = PBXGroup;
			children = (
				DAE7392028727A4600CF83CF /* AppDelegate.swift */,
				DAE7392228727A4600CF83CF /* SceneDelegate.swift */,
			);
			path = Delegate;
			sourceTree = "<group>";
		};
		DAE7393728727B0C00CF83CF /* ViewController */ = {
			isa = PBXGroup;
			children = (
				DAE7392428727A4600CF83CF /* MapViewController.swift */,
			);
			path = ViewController;
			sourceTree = "<group>";
		};
		DAE7393828727B1500CF83CF /* Resources */ = {
			isa = PBXGroup;
			children = (
				DAE73942287285AD00CF83CF /* GoodPriceShop.json */,
			);
			path = Resources;
			sourceTree = "<group>";
		};
		DAE7393928727BA300CF83CF /* Model */ = {
			isa = PBXGroup;
			children = (
				DAE7393A28727BAE00CF83CF /* Shop.swift */,
				DAE739402872824900CF83CF /* ShopCategory.swift */,
				DAE7393E287281C100CF83CF /* MapModel.swift */,
				DAE7394728728AE200CF83CF /* ShopAnnotaiontView.swift */,
			);
			path = Model;
			sourceTree = "<group>";
		};
		DAE739462872899200CF83CF /* ViewModel */ = {
			isa = PBXGroup;
			children = (
				DAE7394928728B2A00CF83CF /* MapViewModel.swift */,
			);
			path = ViewModel;
			sourceTree = "<group>";
		};
		DAE7394B2872C69A00CF83CF /* Manager */ = {
			isa = PBXGroup;
			children = (
				DAE7394C2872C6A100CF83CF /* LocationManager.swift */,
			);
			path = Manager;
			sourceTree = "<group>";
		};
/* End PBXGroup section */

/* Begin PBXNativeTarget section */
		DAE7391C28727A4600CF83CF /* MySampleApp */ = {
			isa = PBXNativeTarget;
			buildConfigurationList = DAE7393128727A4700CF83CF /* Build configuration list for PBXNativeTarget "MySampleApp" */;
			buildPhases = (
				DAE7391928727A4600CF83CF /* Sources */,
				DAE7391A28727A4600CF83CF /* Frameworks */,
				DAE7391B28727A4600CF83CF /* Resources */,
			);
			buildRules = (
			);
			dependencies = (
			);
			name = MySampleApp;
			productName = MySampleApp;
			productReference = DAE7391D28727A4600CF83CF /* MySampleApp.app */;
			productType = "com.apple.product-type.application";
		};
/* End PBXNativeTarget section */

/* Begin PBXProject section */
		DAE7391528727A4600CF83CF /* Project object */ = {
			isa = PBXProject;
			attributes = {
				BuildIndependentTargetsInParallel = 1;
				LastSwiftUpdateCheck = 1340;
				LastUpgradeCheck = 1340;
				TargetAttributes = {
					DAE7391C28727A4600CF83CF = {
						CreatedOnToolsVersion = 13.4.1;
					};
				};
			};
			buildConfigurationList = DAE7391828727A4600CF83CF /* Build configuration list for PBXProject "MySampleApp" */;
			compatibilityVersion = "Xcode 13.0";
			developmentRegion = en;
			hasScannedForEncodings = 0;
			knownRegions = (
				en,
				Base,
			);
			mainGroup = DAE7391428727A4600CF83CF;
			productRefGroup = DAE7391E28727A4600CF83CF /* Products */;
			projectDirPath = "";
			projectRoot = "";
			targets = (
				DAE7391C28727A4600CF83CF /* MySampleApp */,
			);
		};
/* End PBXProject section */

/* Begin PBXResourcesBuildPhase section */
		DAE7391B28727A4600CF83CF /* Resources */ = {
			isa = PBXResourcesBuildPhase;
			buildActionMask = 2147483647;
			files = (
				DAE73943287285AD00CF83CF /* GoodPriceShop.json in Resources */,
				DAE7392D28727A4700CF83CF /* LaunchScreen.storyboard in Resources */,
				DAE7392A28727A4700CF83CF /* Assets.xcassets in Resources */,
				DAE7392828727A4600CF83CF /* Main.storyboard in Resources */,
			);
			runOnlyForDeploymentPostprocessing = 0;
		};
/* End PBXResourcesBuildPhase section */

/* Begin PBXSourcesBuildPhase section */
		DAE7391928727A4600CF83CF /* Sources */ = {
			isa = PBXSourcesBuildPhase;
			buildActionMask = 2147483647;
			files = (
				DAE7392528727A4600CF83CF /* MapViewController.swift in Sources */,
				DAE739412872824900CF83CF /* ShopCategory.swift in Sources */,
				DAE7393F287281C100CF83CF /* MapModel.swift in Sources */,
				DAE7394828728AE200CF83CF /* ShopAnnotaiontView.swift in Sources */,
				DAE7392128727A4600CF83CF /* AppDelegate.swift in Sources */,
				DAE7392328727A4600CF83CF /* SceneDelegate.swift in Sources */,
				DAE7393B28727BAE00CF83CF /* Shop.swift in Sources */,
				DAE7394A28728B2A00CF83CF /* MapViewModel.swift in Sources */,
				DAE7394D2872C6A100CF83CF /* LocationManager.swift in Sources */,
			);
			runOnlyForDeploymentPostprocessing = 0;
		};
/* End PBXSourcesBuildPhase section */

/* Begin PBXVariantGroup section */
		DAE7392628727A4600CF83CF /* Main.storyboard */ = {
			isa = PBXVariantGroup;
			children = (
				DAE7392728727A4600CF83CF /* Base */,
			);
			name = Main.storyboard;
			sourceTree = "<group>";
		};
		DAE7392B28727A4700CF83CF /* LaunchScreen.storyboard */ = {
			isa = PBXVariantGroup;
			children = (
				DAE7392C28727A4700CF83CF /* Base */,
			);
			name = LaunchScreen.storyboard;
			sourceTree = "<group>";
		};
/* End PBXVariantGroup section */

/* Begin XCBuildConfiguration section */
		DAE7392F28727A4700CF83CF /* Debug */ = {
			isa = XCBuildConfiguration;
			buildSettings = {
				ALWAYS_SEARCH_USER_PATHS = NO;
				CLANG_ANALYZER_NONNULL = YES;
				CLANG_ANALYZER_NUMBER_OBJECT_CONVERSION = YES_AGGRESSIVE;
				CLANG_CXX_LANGUAGE_STANDARD = "gnu++17";
				CLANG_ENABLE_MODULES = YES;
				CLANG_ENABLE_OBJC_ARC = YES;
				CLANG_ENABLE_OBJC_WEAK = YES;
				CLANG_WARN_BLOCK_CAPTURE_AUTORELEASING = YES;
				CLANG_WARN_BOOL_CONVERSION = YES;
				CLANG_WARN_COMMA = YES;
				CLANG_WARN_CONSTANT_CONVERSION = YES;
				CLANG_WARN_DEPRECATED_OBJC_IMPLEMENTATIONS = YES;
				CLANG_WARN_DIRECT_OBJC_ISA_USAGE = YES_ERROR;
				CLANG_WARN_DOCUMENTATION_COMMENTS = YES;
				CLANG_WARN_EMPTY_BODY = YES;
				CLANG_WARN_ENUM_CONVERSION = YES;
				CLANG_WARN_INFINITE_RECURSION = YES;
				CLANG_WARN_INT_CONVERSION = YES;
				CLANG_WARN_NON_LITERAL_NULL_CONVERSION = YES;
				CLANG_WARN_OBJC_IMPLICIT_RETAIN_SELF = YES;
				CLANG_WARN_OBJC_LITERAL_CONVERSION = YES;
				CLANG_WARN_OBJC_ROOT_CLASS = YES_ERROR;
				CLANG_WARN_QUOTED_INCLUDE_IN_FRAMEWORK_HEADER = YES;
				CLANG_WARN_RANGE_LOOP_ANALYSIS = YES;
				CLANG_WARN_STRICT_PROTOTYPES = YES;
				CLANG_WARN_SUSPICIOUS_MOVE = YES;
				CLANG_WARN_UNGUARDED_AVAILABILITY = YES_AGGRESSIVE;
				CLANG_WARN_UNREACHABLE_CODE = YES;
				CLANG_WARN__DUPLICATE_METHOD_MATCH = YES;
				COPY_PHASE_STRIP = NO;
				DEBUG_INFORMATION_FORMAT = dwarf;
				ENABLE_STRICT_OBJC_MSGSEND = YES;
				ENABLE_TESTABILITY = YES;
				GCC_C_LANGUAGE_STANDARD = gnu11;
				GCC_DYNAMIC_NO_PIC = NO;
				GCC_NO_COMMON_BLOCKS = YES;
				GCC_OPTIMIZATION_LEVEL = 0;
				GCC_PREPROCESSOR_DEFINITIONS = (
					"DEBUG=1",
					"$(inherited)",
				);
				GCC_WARN_64_TO_32_BIT_CONVERSION = YES;
				GCC_WARN_ABOUT_RETURN_TYPE = YES_ERROR;
				GCC_WARN_UNDECLARED_SELECTOR = YES;
				GCC_WARN_UNINITIALIZED_AUTOS = YES_AGGRESSIVE;
				GCC_WARN_UNUSED_FUNCTION = YES;
				GCC_WARN_UNUSED_VARIABLE = YES;
				IPHONEOS_DEPLOYMENT_TARGET = 15.5;
				MTL_ENABLE_DEBUG_INFO = INCLUDE_SOURCE;
				MTL_FAST_MATH = YES;
				ONLY_ACTIVE_ARCH = YES;
				SDKROOT = iphoneos;
				SWIFT_ACTIVE_COMPILATION_CONDITIONS = DEBUG;
				SWIFT_OPTIMIZATION_LEVEL = "-Onone";
			};
			name = Debug;
		};
		DAE7393028727A4700CF83CF /* Release */ = {
			isa = XCBuildConfiguration;
			buildSettings = {
				ALWAYS_SEARCH_USER_PATHS = NO;
				CLANG_ANALYZER_NONNULL = YES;
				CLANG_ANALYZER_NUMBER_OBJECT_CONVERSION = YES_AGGRESSIVE;
				CLANG_CXX_LANGUAGE_STANDARD = "gnu++17";
				CLANG_ENABLE_MODULES = YES;
				CLANG_ENABLE_OBJC_ARC = YES;
				CLANG_ENABLE_OBJC_WEAK = YES;
				CLANG_WARN_BLOCK_CAPTURE_AUTORELEASING = YES;
				CLANG_WARN_BOOL_CONVERSION = YES;
				CLANG_WARN_COMMA = YES;
				CLANG_WARN_CONSTANT_CONVERSION = YES;
				CLANG_WARN_DEPRECATED_OBJC_IMPLEMENTATIONS = YES;
				CLANG_WARN_DIRECT_OBJC_ISA_USAGE = YES_ERROR;
				CLANG_WARN_DOCUMENTATION_COMMENTS = YES;
				CLANG_WARN_EMPTY_BODY = YES;
				CLANG_WARN_ENUM_CONVERSION = YES;
				CLANG_WARN_INFINITE_RECURSION = YES;
				CLANG_WARN_INT_CONVERSION = YES;
				CLANG_WARN_NON_LITERAL_NULL_CONVERSION = YES;
				CLANG_WARN_OBJC_IMPLICIT_RETAIN_SELF = YES;
				CLANG_WARN_OBJC_LITERAL_CONVERSION = YES;
				CLANG_WARN_OBJC_ROOT_CLASS = YES_ERROR;
				CLANG_WARN_QUOTED_INCLUDE_IN_FRAMEWORK_HEADER = YES;
				CLANG_WARN_RANGE_LOOP_ANALYSIS = YES;
				CLANG_WARN_STRICT_PROTOTYPES = YES;
				CLANG_WARN_SUSPICIOUS_MOVE = YES;
				CLANG_WARN_UNGUARDED_AVAILABILITY = YES_AGGRESSIVE;
				CLANG_WARN_UNREACHABLE_CODE = YES;
				CLANG_WARN__DUPLICATE_METHOD_MATCH = YES;
				COPY_PHASE_STRIP = NO;
				DEBUG_INFORMATION_FORMAT = "dwarf-with-dsym";
				ENABLE_NS_ASSERTIONS = NO;
				ENABLE_STRICT_OBJC_MSGSEND = YES;
				GCC_C_LANGUAGE_STANDARD = gnu11;
				GCC_NO_COMMON_BLOCKS = YES;
				GCC_WARN_64_TO_32_BIT_CONVERSION = YES;
				GCC_WARN_ABOUT_RETURN_TYPE = YES_ERROR;
				GCC_WARN_UNDECLARED_SELECTOR = YES;
				GCC_WARN_UNINITIALIZED_AUTOS = YES_AGGRESSIVE;
				GCC_WARN_UNUSED_FUNCTION = YES;
				GCC_WARN_UNUSED_VARIABLE = YES;
				IPHONEOS_DEPLOYMENT_TARGET = 15.5;
				MTL_ENABLE_DEBUG_INFO = NO;
				MTL_FAST_MATH = YES;
				SDKROOT = iphoneos;
				SWIFT_COMPILATION_MODE = wholemodule;
				SWIFT_OPTIMIZATION_LEVEL = "-O";
				VALIDATE_PRODUCT = YES;
			};
			name = Release;
		};
		DAE7393228727A4700CF83CF /* Debug */ = {
			isa = XCBuildConfiguration;
			buildSettings = {
				ASSETCATALOG_COMPILER_APPICON_NAME = AppIcon;
				ASSETCATALOG_COMPILER_GLOBAL_ACCENT_COLOR_NAME = AccentColor;
				CODE_SIGN_STYLE = Automatic;
				CURRENT_PROJECT_VERSION = 1;
				DEVELOPMENT_TEAM = ZRTG6WMRW7;
				GENERATE_INFOPLIST_FILE = YES;
				INFOPLIST_FILE = MySampleApp/Info.plist;
				INFOPLIST_KEY_UIApplicationSupportsIndirectInputEvents = YES;
				INFOPLIST_KEY_UILaunchStoryboardName = LaunchScreen;
				INFOPLIST_KEY_UIMainStoryboardFile = Main;
				INFOPLIST_KEY_UISupportedInterfaceOrientations_iPad = "UIInterfaceOrientationPortrait UIInterfaceOrientationPortraitUpsideDown UIInterfaceOrientationLandscapeLeft UIInterfaceOrientationLandscapeRight";
				INFOPLIST_KEY_UISupportedInterfaceOrientations_iPhone = "UIInterfaceOrientationPortrait UIInterfaceOrientationLandscapeLeft UIInterfaceOrientationLandscapeRight";
				LD_RUNPATH_SEARCH_PATHS = (
					"$(inherited)",
					"@executable_path/Frameworks",
				);
				MARKETING_VERSION = 1.0;
				PRODUCT_BUNDLE_IDENTIFIER = site.poding.MySampleApp;
				PRODUCT_NAME = "$(TARGET_NAME)";
				SWIFT_EMIT_LOC_STRINGS = YES;
				SWIFT_VERSION = 5.0;
				TARGETED_DEVICE_FAMILY = "1,2";
			};
			name = Debug;
		};
		DAE7393328727A4700CF83CF /* Release */ = {
			isa = XCBuildConfiguration;
			buildSettings = {
				ASSETCATALOG_COMPILER_APPICON_NAME = AppIcon;
				ASSETCATALOG_COMPILER_GLOBAL_ACCENT_COLOR_NAME = AccentColor;
				CODE_SIGN_STYLE = Automatic;
				CURRENT_PROJECT_VERSION = 1;
				DEVELOPMENT_TEAM = ZRTG6WMRW7;
				GENERATE_INFOPLIST_FILE = YES;
				INFOPLIST_FILE = MySampleApp/Info.plist;
				INFOPLIST_KEY_UIApplicationSupportsIndirectInputEvents = YES;
				INFOPLIST_KEY_UILaunchStoryboardName = LaunchScreen;
				INFOPLIST_KEY_UIMainStoryboardFile = Main;
				INFOPLIST_KEY_UISupportedInterfaceOrientations_iPad = "UIInterfaceOrientationPortrait UIInterfaceOrientationPortraitUpsideDown UIInterfaceOrientationLandscapeLeft UIInterfaceOrientationLandscapeRight";
				INFOPLIST_KEY_UISupportedInterfaceOrientations_iPhone = "UIInterfaceOrientationPortrait UIInterfaceOrientationLandscapeLeft UIInterfaceOrientationLandscapeRight";
				LD_RUNPATH_SEARCH_PATHS = (
					"$(inherited)",
					"@executable_path/Frameworks",
				);
				MARKETING_VERSION = 1.0;
				PRODUCT_BUNDLE_IDENTIFIER = site.poding.MySampleApp;
				PRODUCT_NAME = "$(TARGET_NAME)";
				SWIFT_EMIT_LOC_STRINGS = YES;
				SWIFT_VERSION = 5.0;
				TARGETED_DEVICE_FAMILY = "1,2";
			};
			name = Release;
		};
/* End XCBuildConfiguration section */

/* Begin XCConfigurationList section */
		DAE7391828727A4600CF83CF /* Build configuration list for PBXProject "MySampleApp" */ = {
			isa = XCConfigurationList;
			buildConfigurations = (
				DAE7392F28727A4700CF83CF /* Debug */,
				DAE7393028727A4700CF83CF /* Release */,
			);
			defaultConfigurationIsVisible = 0;
			defaultConfigurationName = Release;
		};
		DAE7393128727A4700CF83CF /* Build configuration list for PBXNativeTarget "MySampleApp" */ = {
			isa = XCConfigurationList;
			buildConfigurations = (
				DAE7393228727A4700CF83CF /* Debug */,
				DAE7393328727A4700CF83CF /* Release */,
			);
			defaultConfigurationIsVisible = 0;
			defaultConfigurationName = Release;
		};
/* End XCConfigurationList section */
	};
	rootObject = DAE7391528727A4600CF83CF /* Project object */;
}
